// !$*UTF8*$!
{
	archiveVersion = 1;
	classes = {
	};
	objectVersion = 46;
	objects = {

/* Begin PBXBuildFile section */
		A0DCEE7D1A6BF4EA002F8EB2 /* AppDelegate.m in Sources */ = {isa = PBXBuildFile; fileRef = A0DCEE7C1A6BF4EA002F8EB2 /* AppDelegate.m */; };
		A0DCEE7F1A6BF4EA002F8EB2 /* main.m in Sources */ = {isa = PBXBuildFile; fileRef = A0DCEE7E1A6BF4EA002F8EB2 /* main.m */; };
		A0DCEE811A6BF4EA002F8EB2 /* Images.xcassets in Resources */ = {isa = PBXBuildFile; fileRef = A0DCEE801A6BF4EA002F8EB2 /* Images.xcassets */; };
		A0DCEE841A6BF4EA002F8EB2 /* MainMenu.xib in Resources */ = {isa = PBXBuildFile; fileRef = A0DCEE821A6BF4EA002F8EB2 /* MainMenu.xib */; };
		A0DCEE901A6BF4EA002F8EB2 /* XMLParserTests.m in Sources */ = {isa = PBXBuildFile; fileRef = A0DCEE8F1A6BF4EA002F8EB2 /* XMLParserTests.m */; };
		A0DCEE9B1A6BF5FD002F8EB2 /* XMLParser.m in Sources */ = {isa = PBXBuildFile; fileRef = A0DCEE9A1A6BF5FD002F8EB2 /* XMLParser.m */; };
		A0DCEE9C1A6BF5FD002F8EB2 /* XMLParser.m in Sources */ = {isa = PBXBuildFile; fileRef = A0DCEE9A1A6BF5FD002F8EB2 /* XMLParser.m */; };
		A0DCEEA71A6BFC2F002F8EB2 /* MasterViewController.m in Sources */ = {isa = PBXBuildFile; fileRef = A0DCEEA51A6BFC2F002F8EB2 /* MasterViewController.m */; };
		A0DCEEA81A6BFC2F002F8EB2 /* MasterViewController.m in Sources */ = {isa = PBXBuildFile; fileRef = A0DCEEA51A6BFC2F002F8EB2 /* MasterViewController.m */; };
		A0DCEEA91A6BFC2F002F8EB2 /* MasterViewController.xib in Resources */ = {isa = PBXBuildFile; fileRef = A0DCEEA61A6BFC2F002F8EB2 /* MasterViewController.xib */; };
		A0DCEEAA1A6BFC2F002F8EB2 /* MasterViewController.xib in Resources */ = {isa = PBXBuildFile; fileRef = A0DCEEA61A6BFC2F002F8EB2 /* MasterViewController.xib */; };
/* End PBXBuildFile section */

/* Begin PBXContainerItemProxy section */
		A0DCEE8A1A6BF4EA002F8EB2 /* PBXContainerItemProxy */ = {
			isa = PBXContainerItemProxy;
			containerPortal = A0DCEE6E1A6BF4EA002F8EB2 /* Project object */;
			proxyType = 1;
			remoteGlobalIDString = A0DCEE751A6BF4EA002F8EB2;
			remoteInfo = XMLParser;
		};
/* End PBXContainerItemProxy section */

/* Begin PBXFileReference section */
		A0DCEE761A6BF4EA002F8EB2 /* XMLParser.app */ = {isa = PBXFileReference; explicitFileType = wrapper.application; includeInIndex = 0; path = XMLParser.app; sourceTree = BUILT_PRODUCTS_DIR; };
		A0DCEE7A1A6BF4EA002F8EB2 /* Info.plist */ = {isa = PBXFileReference; lastKnownFileType = text.plist.xml; path = Info.plist; sourceTree = "<group>"; };
		A0DCEE7B1A6BF4EA002F8EB2 /* AppDelegate.h */ = {isa = PBXFileReference; lastKnownFileType = sourcecode.c.h; path = AppDelegate.h; sourceTree = "<group>"; };
		A0DCEE7C1A6BF4EA002F8EB2 /* AppDelegate.m */ = {isa = PBXFileReference; lastKnownFileType = sourcecode.c.objc; path = AppDelegate.m; sourceTree = "<group>"; };
		A0DCEE7E1A6BF4EA002F8EB2 /* main.m */ = {isa = PBXFileReference; lastKnownFileType = sourcecode.c.objc; path = main.m; sourceTree = "<group>"; };
		A0DCEE801A6BF4EA002F8EB2 /* Images.xcassets */ = {isa = PBXFileReference; lastKnownFileType = folder.assetcatalog; path = Images.xcassets; sourceTree = "<group>"; };
		A0DCEE831A6BF4EA002F8EB2 /* Base */ = {isa = PBXFileReference; lastKnownFileType = file.xib; name = Base; path = Base.lproj/MainMenu.xib; sourceTree = "<group>"; };
		A0DCEE891A6BF4EA002F8EB2 /* XMLParserTests.xctest */ = {isa = PBXFileReference; explicitFileType = wrapper.cfbundle; includeInIndex = 0; path = XMLParserTests.xctest; sourceTree = BUILT_PRODUCTS_DIR; };
		A0DCEE8E1A6BF4EA002F8EB2 /* Info.plist */ = {isa = PBXFileReference; lastKnownFileType = text.plist.xml; path = Info.plist; sourceTree = "<group>"; };
		A0DCEE8F1A6BF4EA002F8EB2 /* XMLParserTests.m */ = {isa = PBXFileReference; lastKnownFileType = sourcecode.c.objc; path = XMLParserTests.m; sourceTree = "<group>"; };
		A0DCEE991A6BF5FD002F8EB2 /* XMLParser.h */ = {isa = PBXFileReference; fileEncoding = 4; lastKnownFileType = sourcecode.c.h; path = XMLParser.h; sourceTree = "<group>"; };
		A0DCEE9A1A6BF5FD002F8EB2 /* XMLParser.m */ = {isa = PBXFileReference; fileEncoding = 4; lastKnownFileType = sourcecode.c.objc; path = XMLParser.m; sourceTree = "<group>"; };
		A0DCEEA41A6BFC2F002F8EB2 /* MasterViewController.h */ = {isa = PBXFileReference; fileEncoding = 4; lastKnownFileType = sourcecode.c.h; lineEnding = 0; name = MasterViewController.h; path = ../MasterViewController.h; sourceTree = "<group>"; xcLanguageSpecificationIdentifier = xcode.lang.objcpp; };
		A0DCEEA51A6BFC2F002F8EB2 /* MasterViewController.m */ = {isa = PBXFileReference; fileEncoding = 4; lastKnownFileType = sourcecode.c.objc; lineEnding = 0; name = MasterViewController.m; path = ../MasterViewController.m; sourceTree = "<group>"; xcLanguageSpecificationIdentifier = xcode.lang.objc; };
		A0DCEEA61A6BFC2F002F8EB2 /* MasterViewController.xib */ = {isa = PBXFileReference; fileEncoding = 4; lastKnownFileType = file.xib; name = MasterViewController.xib; path = ../MasterViewController.xib; sourceTree = "<group>"; };
/* End PBXFileReference section */

/* Begin PBXFrameworksBuildPhase section */
		A0DCEE731A6BF4EA002F8EB2 /* Frameworks */ = {
			isa = PBXFrameworksBuildPhase;
			buildActionMask = 2147483647;
			files = (
			);
			runOnlyForDeploymentPostprocessing = 0;
		};
		A0DCEE861A6BF4EA002F8EB2 /* Frameworks */ = {
			isa = PBXFrameworksBuildPhase;
			buildActionMask = 2147483647;
			files = (
			);
			runOnlyForDeploymentPostprocessing = 0;
		};
/* End PBXFrameworksBuildPhase section */

/* Begin PBXGroup section */
		A0DCEE6D1A6BF4EA002F8EB2 = {
			isa = PBXGroup;
			children = (
				A0DCEE781A6BF4EA002F8EB2 /* XMLParser */,
				A0DCEE8C1A6BF4EA002F8EB2 /* XMLParserTests */,
				A0DCEE771A6BF4EA002F8EB2 /* Products */,
			);
			sourceTree = "<group>";
		};
		A0DCEE771A6BF4EA002F8EB2 /* Products */ = {
			isa = PBXGroup;
			children = (
				A0DCEE761A6BF4EA002F8EB2 /* XMLParser.app */,
				A0DCEE891A6BF4EA002F8EB2 /* XMLParserTests.xctest */,
			);
			name = Products;
			sourceTree = "<group>";
		};
		A0DCEE781A6BF4EA002F8EB2 /* XMLParser */ = {
			isa = PBXGroup;
			children = (
				A0DCEEA41A6BFC2F002F8EB2 /* MasterViewController.h */,
				A0DCEEA51A6BFC2F002F8EB2 /* MasterViewController.m */,
				A0DCEEA61A6BFC2F002F8EB2 /* MasterViewController.xib */,
				A0DCEE991A6BF5FD002F8EB2 /* XMLParser.h */,
				A0DCEE9A1A6BF5FD002F8EB2 /* XMLParser.m */,
				A0DCEE7B1A6BF4EA002F8EB2 /* AppDelegate.h */,
				A0DCEE7C1A6BF4EA002F8EB2 /* AppDelegate.m */,
				A0DCEE801A6BF4EA002F8EB2 /* Images.xcassets */,
				A0DCEE821A6BF4EA002F8EB2 /* MainMenu.xib */,
				A0DCEE791A6BF4EA002F8EB2 /* Supporting Files */,
			);
			path = XMLParser;
			sourceTree = "<group>";
		};
		A0DCEE791A6BF4EA002F8EB2 /* Supporting Files */ = {
			isa = PBXGroup;
			children = (
				A0DCEE7A1A6BF4EA002F8EB2 /* Info.plist */,
				A0DCEE7E1A6BF4EA002F8EB2 /* main.m */,
			);
			name = "Supporting Files";
			sourceTree = "<group>";
		};
		A0DCEE8C1A6BF4EA002F8EB2 /* XMLParserTests */ = {
			isa = PBXGroup;
			children = (
				A0DCEE8F1A6BF4EA002F8EB2 /* XMLParserTests.m */,
				A0DCEE8D1A6BF4EA002F8EB2 /* Supporting Files */,
			);
			path = XMLParserTests;
			sourceTree = "<group>";
		};
		A0DCEE8D1A6BF4EA002F8EB2 /* Supporting Files */ = {
			isa = PBXGroup;
			children = (
				A0DCEE8E1A6BF4EA002F8EB2 /* Info.plist */,
			);
			name = "Supporting Files";
			sourceTree = "<group>";
		};
/* End PBXGroup section */

/* Begin PBXNativeTarget section */
		A0DCEE751A6BF4EA002F8EB2 /* XMLParser */ = {
			isa = PBXNativeTarget;
			buildConfigurationList = A0DCEE931A6BF4EA002F8EB2 /* Build configuration list for PBXNativeTarget "XMLParser" */;
			buildPhases = (
				A0DCEE721A6BF4EA002F8EB2 /* Sources */,
				A0DCEE731A6BF4EA002F8EB2 /* Frameworks */,
				A0DCEE741A6BF4EA002F8EB2 /* Resources */,
			);
			buildRules = (
			);
			dependencies = (
			);
			name = XMLParser;
			productName = XMLParser;
			productReference = A0DCEE761A6BF4EA002F8EB2 /* XMLParser.app */;
			productType = "com.apple.product-type.application";
		};
		A0DCEE881A6BF4EA002F8EB2 /* XMLParserTests */ = {
			isa = PBXNativeTarget;
			buildConfigurationList = A0DCEE961A6BF4EA002F8EB2 /* Build configuration list for PBXNativeTarget "XMLParserTests" */;
			buildPhases = (
				A0DCEE851A6BF4EA002F8EB2 /* Sources */,
				A0DCEE861A6BF4EA002F8EB2 /* Frameworks */,
				A0DCEE871A6BF4EA002F8EB2 /* Resources */,
			);
			buildRules = (
			);
			dependencies = (
				A0DCEE8B1A6BF4EA002F8EB2 /* PBXTargetDependency */,
			);
			name = XMLParserTests;
			productName = XMLParserTests;
			productReference = A0DCEE891A6BF4EA002F8EB2 /* XMLParserTests.xctest */;
			productType = "com.apple.product-type.bundle.unit-test";
		};
/* End PBXNativeTarget section */

/* Begin PBXProject section */
		A0DCEE6E1A6BF4EA002F8EB2 /* Project object */ = {
			isa = PBXProject;
			attributes = {
				LastUpgradeCheck = 0610;
				ORGANIZATIONNAME = "Lucas Hauswald";
				TargetAttributes = {
					A0DCEE751A6BF4EA002F8EB2 = {
						CreatedOnToolsVersion = 6.1.1;
					};
					A0DCEE881A6BF4EA002F8EB2 = {
						CreatedOnToolsVersion = 6.1.1;
						TestTargetID = A0DCEE751A6BF4EA002F8EB2;
					};
				};
			};
			buildConfigurationList = A0DCEE711A6BF4EA002F8EB2 /* Build configuration list for PBXProject "XMLParser" */;
			compatibilityVersion = "Xcode 3.2";
			developmentRegion = English;
			hasScannedForEncodings = 0;
			knownRegions = (
				en,
				Base,
			);
			mainGroup = A0DCEE6D1A6BF4EA002F8EB2;
			productRefGroup = A0DCEE771A6BF4EA002F8EB2 /* Products */;
			projectDirPath = "";
			projectRoot = "";
			targets = (
				A0DCEE751A6BF4EA002F8EB2 /* XMLParser */,
				A0DCEE881A6BF4EA002F8EB2 /* XMLParserTests */,
			);
		};
/* End PBXProject section */

/* Begin PBXResourcesBuildPhase section */
		A0DCEE741A6BF4EA002F8EB2 /* Resources */ = {
			isa = PBXResourcesBuildPhase;
			buildActionMask = 2147483647;
			files = (
				A0DCEE811A6BF4EA002F8EB2 /* Images.xcassets in Resources */,
				A0DCEE841A6BF4EA002F8EB2 /* MainMenu.xib in Resources */,
				A0DCEEA91A6BFC2F002F8EB2 /* MasterViewController.xib in Resources */,
			);
			runOnlyForDeploymentPostprocessing = 0;
		};
		A0DCEE871A6BF4EA002F8EB2 /* Resources */ = {
			isa = PBXResourcesBuildPhase;
			buildActionMask = 2147483647;
			files = (
				A0DCEEAA1A6BFC2F002F8EB2 /* MasterViewController.xib in Resources */,
			);
			runOnlyForDeploymentPostprocessing = 0;
		};
/* End PBXResourcesBuildPhase section */

/* Begin PBXSourcesBuildPhase section */
		A0DCEE721A6BF4EA002F8EB2 /* Sources */ = {
			isa = PBXSourcesBuildPhase;
			buildActionMask = 2147483647;
			files = (
				A0DCEEA71A6BFC2F002F8EB2 /* MasterViewController.m in Sources */,
				A0DCEE7F1A6BF4EA002F8EB2 /* main.m in Sources */,
				A0DCEE9B1A6BF5FD002F8EB2 /* XMLParser.m in Sources */,
				A0DCEE7D1A6BF4EA002F8EB2 /* AppDelegate.m in Sources */,
			);
			runOnlyForDeploymentPostprocessing = 0;
		};
		A0DCEE851A6BF4EA002F8EB2 /* Sources */ = {
			isa = PBXSourcesBuildPhase;
			buildActionMask = 2147483647;
			files = (
				A0DCEE9C1A6BF5FD002F8EB2 /* XMLParser.m in Sources */,
				A0DCEEA81A6BFC2F002F8EB2 /* MasterViewController.m in Sources */,
				A0DCEE901A6BF4EA002F8EB2 /* XMLParserTests.m in Sources */,
			);
			runOnlyForDeploymentPostprocessing = 0;
		};
/* End PBXSourcesBuildPhase section */

/* Begin PBXTargetDependency section */
		A0DCEE8B1A6BF4EA002F8EB2 /* PBXTargetDependency */ = {
			isa = PBXTargetDependency;
			target = A0DCEE751A6BF4EA002F8EB2 /* XMLParser */;
			targetProxy = A0DCEE8A1A6BF4EA002F8EB2 /* PBXContainerItemProxy */;
		};
/* End PBXTargetDependency section */

/* Begin PBXVariantGroup section */
		A0DCEE821A6BF4EA002F8EB2 /* MainMenu.xib */ = {
			isa = PBXVariantGroup;
			children = (
				A0DCEE831A6BF4EA002F8EB2 /* Base */,
			);
			name = MainMenu.xib;
			sourceTree = "<group>";
		};
/* End PBXVariantGroup section */

/* Begin XCBuildConfiguration section */
		A0DCEE911A6BF4EA002F8EB2 /* Debug */ = {
			isa = XCBuildConfiguration;
			buildSettings = {
				ALWAYS_SEARCH_USER_PATHS = NO;
				CLANG_CXX_LANGUAGE_STANDARD = "gnu++0x";
				CLANG_CXX_LIBRARY = "libc++";
				CLANG_ENABLE_MODULES = YES;
				CLANG_ENABLE_OBJC_ARC = YES;
				CLANG_WARN_BOOL_CONVERSION = YES;
				CLANG_WARN_CONSTANT_CONVERSION = YES;
				CLANG_WARN_DIRECT_OBJC_ISA_USAGE = YES_ERROR;
				CLANG_WARN_EMPTY_BODY = YES;
				CLANG_WARN_ENUM_CONVERSION = YES;
				CLANG_WARN_INT_CONVERSION = YES;
				CLANG_WARN_OBJC_ROOT_CLASS = YES_ERROR;
				CLANG_WARN_UNREACHABLE_CODE = YES;
				CLANG_WARN__DUPLICATE_METHOD_MATCH = YES;
				CODE_SIGN_IDENTITY = "-";
				COPY_PHASE_STRIP = NO;
				ENABLE_STRICT_OBJC_MSGSEND = YES;
				GCC_C_LANGUAGE_STANDARD = gnu99;
				GCC_DYNAMIC_NO_PIC = NO;
				GCC_OPTIMIZATION_LEVEL = 0;
				GCC_PREPROCESSOR_DEFINITIONS = (
					"DEBUG=1",
					"$(inherited)",
				);
				GCC_SYMBOLS_PRIVATE_EXTERN = NO;
				GCC_WARN_64_TO_32_BIT_CONVERSION = YES;
				GCC_WARN_ABOUT_RETURN_TYPE = YES_ERROR;
				GCC_WARN_UNDECLARED_SELECTOR = YES;
				GCC_WARN_UNINITIALIZED_AUTOS = YES_AGGRESSIVE;
				GCC_WARN_UNUSED_FUNCTION = YES;
				GCC_WARN_UNUSED_VARIABLE = YES;
				MACOSX_DEPLOYMENT_TARGET = 10.10;
				MTL_ENABLE_DEBUG_INFO = YES;
				ONLY_ACTIVE_ARCH = YES;
				SDKROOT = macosx;
			};
			name = Debug;
		};
		A0DCEE921A6BF4EA002F8EB2 /* Release */ = {
			isa = XCBuildConfiguration;
			buildSettings = {
				ALWAYS_SEARCH_USER_PATHS = NO;
				CLANG_CXX_LANGUAGE_STANDARD = "gnu++0x";
				CLANG_CXX_LIBRARY = "libc++";
				CLANG_ENABLE_MODULES = YES;
				CLANG_ENABLE_OBJC_ARC = YES;
				CLANG_WARN_BOOL_CONVERSION = YES;
				CLANG_WARN_CONSTANT_CONVERSION = YES;
				CLANG_WARN_DIRECT_OBJC_ISA_USAGE = YES_ERROR;
				CLANG_WARN_EMPTY_BODY = YES;
				CLANG_WARN_ENUM_CONVERSION = YES;
				CLANG_WARN_INT_CONVERSION = YES;
				CLANG_WARN_OBJC_ROOT_CLASS = YES_ERROR;
				CLANG_WARN_UNREACHABLE_CODE = YES;
				CLANG_WARN__DUPLICATE_METHOD_MATCH = YES;
				CODE_SIGN_IDENTITY = "-";
				COPY_PHASE_STRIP = YES;
				DEBUG_INFORMATION_FORMAT = "dwarf-with-dsym";
				ENABLE_NS_ASSERTIONS = NO;
				ENABLE_STRICT_OBJC_MSGSEND = YES;
				GCC_C_LANGUAGE_STANDARD = gnu99;
				GCC_WARN_64_TO_32_BIT_CONVERSION = YES;
				GCC_WARN_ABOUT_RETURN_TYPE = YES_ERROR;
				GCC_WARN_UNDECLARED_SELECTOR = YES;
				GCC_WARN_UNINITIALIZED_AUTOS = YES_AGGRESSIVE;
				GCC_WARN_UNUSED_FUNCTION = YES;
				GCC_WARN_UNUSED_VARIABLE = YES;
				MACOSX_DEPLOYMENT_TARGET = 10.10;
				MTL_ENABLE_DEBUG_INFO = NO;
				SDKROOT = macosx;
			};
			name = Release;
		};
		A0DCEE941A6BF4EA002F8EB2 /* Debug */ = {
			isa = XCBuildConfiguration;
			buildSettings = {
				ASSETCATALOG_COMPILER_APPICON_NAME = AppIcon;
				COMBINE_HIDPI_IMAGES = YES;
				INFOPLIST_FILE = XMLParser/Info.plist;
				LD_RUNPATH_SEARCH_PATHS = "$(inherited) @executable_path/../Frameworks";
				PRODUCT_NAME = "$(TARGET_NAME)";
			};
			name = Debug;
		};
		A0DCEE951A6BF4EA002F8EB2 /* Release */ = {
			isa = XCBuildConfiguration;
			buildSettings = {
				ASSETCATALOG_COMPILER_APPICON_NAME = AppIcon;
				COMBINE_HIDPI_IMAGES = YES;
				INFOPLIST_FILE = XMLParser/Info.plist;
				LD_RUNPATH_SEARCH_PATHS = "$(inherited) @executable_path/../Frameworks";
				PRODUCT_NAME = "$(TARGET_NAME)";
			};
			name = Release;
		};
		A0DCEE971A6BF4EA002F8EB2 /* Debug */ = {
			isa = XCBuildConfiguration;
			buildSettings = {
				BUNDLE_LOADER = "$(TEST_HOST)";
				COMBINE_HIDPI_IMAGES = YES;
				FRAMEWORK_SEARCH_PATHS = (
					"$(DEVELOPER_FRAMEWORKS_DIR)",
					"$(inherited)",
				);
				GCC_PREPROCESSOR_DEFINITIONS = (
					"DEBUG=1",
					"$(inherited)",
				);
				INFOPLIST_FILE = XMLParserTests/Info.plist;
				LD_RUNPATH_SEARCH_PATHS = "$(inherited) @executable_path/../Frameworks @loader_path/../Frameworks";
				PRODUCT_NAME = "$(TARGET_NAME)";
				TEST_HOST = "$(BUILT_PRODUCTS_DIR)/XMLParser.app/Contents/MacOS/XMLParser";
			};
			name = Debug;
		};
		A0DCEE981A6BF4EA002F8EB2 /* Release */ = {
			isa = XCBuildConfiguration;
			buildSettings = {
				BUNDLE_LOADER = "$(TEST_HOST)";
				COMBINE_HIDPI_IMAGES = YES;
				FRAMEWORK_SEARCH_PATHS = (
					"$(DEVELOPER_FRAMEWORKS_DIR)",
					"$(inherited)",
				);
				INFOPLIST_FILE = XMLParserTests/Info.plist;
				LD_RUNPATH_SEARCH_PATHS = "$(inherited) @executable_path/../Frameworks @loader_path/../Frameworks";
				PRODUCT_NAME = "$(TARGET_NAME)";
				TEST_HOST = "$(BUILT_PRODUCTS_DIR)/XMLParser.app/Contents/MacOS/XMLParser";
			};
			name = Release;
		};
/* End XCBuildConfiguration section */

/* Begin XCConfigurationList section */
		A0DCEE711A6BF4EA002F8EB2 /* Build configuration list for PBXProject "XMLParser" */ = {
			isa = XCConfigurationList;
			buildConfigurations = (
				A0DCEE911A6BF4EA002F8EB2 /* Debug */,
				A0DCEE921A6BF4EA002F8EB2 /* Release */,
			);
			defaultConfigurationIsVisible = 0;
			defaultConfigurationName = Release;
		};
		A0DCEE931A6BF4EA002F8EB2 /* Build configuration list for PBXNativeTarget "XMLParser" */ = {
			isa = XCConfigurationList;
			buildConfigurations = (
				A0DCEE941A6BF4EA002F8EB2 /* Debug */,
				A0DCEE951A6BF4EA002F8EB2 /* Release */,
			);
			defaultConfigurationIsVisible = 0;
			defaultConfigurationName = Release;
		};
		A0DCEE961A6BF4EA002F8EB2 /* Build configuration list for PBXNativeTarget "XMLParserTests" */ = {
			isa = XCConfigurationList;
			buildConfigurations = (
				A0DCEE971A6BF4EA002F8EB2 /* Debug */,
				A0DCEE981A6BF4EA002F8EB2 /* Release */,
			);
			defaultConfigurationIsVisible = 0;
			defaultConfigurationName = Release;
		};
/* End XCConfigurationList section */
	};
	rootObject = A0DCEE6E1A6BF4EA002F8EB2 /* Project object */;
}
