// !$*UTF8*$!
{
	archiveVersion = 1;
	classes = {
	};
	objectVersion = 46;
	objects = {

/* Begin PBXBuildFile section */
		A08F144F1A6D503600F1971D /* MasterViewController.m in Sources */ = {isa = PBXBuildFile; fileRef = A08F144E1A6D503600F1971D /* MasterViewController.m */; };
		A08F14591A6D506600F1971D /* AppDelegate.m in Sources */ = {isa = PBXBuildFile; fileRef = A08F14511A6D506600F1971D /* AppDelegate.m */; };
		A08F145B1A6D506600F1971D /* CSVParser.m in Sources */ = {isa = PBXBuildFile; fileRef = A08F14561A6D506600F1971D /* CSVParser.m */; };
		A08F145C1A6D506600F1971D /* Images.xcassets in Resources */ = {isa = PBXBuildFile; fileRef = A08F14571A6D506600F1971D /* Images.xcassets */; };
		A08F145D1A6D506600F1971D /* MasterViewController.xib in Resources */ = {isa = PBXBuildFile; fileRef = A08F14581A6D506600F1971D /* MasterViewController.xib */; };
		A08F145F1A6D508C00F1971D /* main.m in Sources */ = {isa = PBXBuildFile; fileRef = A08F145E1A6D508C00F1971D /* main.m */; };
		A08F14721A6D564C00F1971D /* MainMenu.xib in Resources */ = {isa = PBXBuildFile; fileRef = A08F14701A6D564C00F1971D /* MainMenu.xib */; };
/* End PBXBuildFile section */

/* Begin PBXContainerItemProxy section */
		A0DCEE8A1A6BF4EA002F8EB2 /* PBXContainerItemProxy */ = {
			isa = PBXContainerItemProxy;
			containerPortal = A0DCEE6E1A6BF4EA002F8EB2 /* Project object */;
			proxyType = 1;
			remoteGlobalIDString = A0DCEE751A6BF4EA002F8EB2;
			remoteInfo = XMLParser;
		};
/* End PBXContainerItemProxy section */

/* Begin PBXFileReference section */
		A08F144E1A6D503600F1971D /* MasterViewController.m */ = {isa = PBXFileReference; fileEncoding = 4; lastKnownFileType = sourcecode.c.objc; path = MasterViewController.m; sourceTree = "<group>"; };
		A08F14501A6D506600F1971D /* AppDelegate.h */ = {isa = PBXFileReference; fileEncoding = 4; lastKnownFileType = sourcecode.c.h; path = AppDelegate.h; sourceTree = "<group>"; };
		A08F14511A6D506600F1971D /* AppDelegate.m */ = {isa = PBXFileReference; fileEncoding = 4; lastKnownFileType = sourcecode.c.objc; path = AppDelegate.m; sourceTree = "<group>"; };
		A08F14551A6D506600F1971D /* CSVParser.h */ = {isa = PBXFileReference; fileEncoding = 4; lastKnownFileType = sourcecode.c.h; path = CSVParser.h; sourceTree = "<group>"; };
		A08F14561A6D506600F1971D /* CSVParser.m */ = {isa = PBXFileReference; fileEncoding = 4; lastKnownFileType = sourcecode.c.objc; path = CSVParser.m; sourceTree = "<group>"; };
		A08F14571A6D506600F1971D /* Images.xcassets */ = {isa = PBXFileReference; lastKnownFileType = folder.assetcatalog; path = Images.xcassets; sourceTree = "<group>"; };
		A08F14581A6D506600F1971D /* MasterViewController.xib */ = {isa = PBXFileReference; fileEncoding = 4; lastKnownFileType = file.xib; path = MasterViewController.xib; sourceTree = "<group>"; };
		A08F145E1A6D508C00F1971D /* main.m */ = {isa = PBXFileReference; fileEncoding = 4; lastKnownFileType = sourcecode.c.objc; path = main.m; sourceTree = "<group>"; };
		A08F14601A6D509300F1971D /* Info.plist */ = {isa = PBXFileReference; fileEncoding = 4; lastKnownFileType = text.plist.xml; path = Info.plist; sourceTree = "<group>"; };
		A08F146B1A6D536300F1971D /* CSVParserTests.m */ = {isa = PBXFileReference; fileEncoding = 4; lastKnownFileType = sourcecode.c.objc; path = CSVParserTests.m; sourceTree = "<group>"; };
		A08F146C1A6D536300F1971D /* Info.plist */ = {isa = PBXFileReference; fileEncoding = 4; lastKnownFileType = text.plist.xml; path = Info.plist; sourceTree = "<group>"; };
		A08F14711A6D564C00F1971D /* Base */ = {isa = PBXFileReference; lastKnownFileType = file.xib; name = Base; path = Base.lproj/MainMenu.xib; sourceTree = "<group>"; };
		A0DCEE761A6BF4EA002F8EB2 /* CSVParser.app */ = {isa = PBXFileReference; explicitFileType = wrapper.application; includeInIndex = 0; path = CSVParser.app; sourceTree = BUILT_PRODUCTS_DIR; };
		A0DCEE891A6BF4EA002F8EB2 /* CSVParserTests.xctest */ = {isa = PBXFileReference; explicitFileType = wrapper.cfbundle; includeInIndex = 0; path = CSVParserTests.xctest; sourceTree = BUILT_PRODUCTS_DIR; };
		A0DCEEA41A6BFC2F002F8EB2 /* MasterViewController.h */ = {isa = PBXFileReference; fileEncoding = 4; lastKnownFileType = sourcecode.c.h; lineEnding = 0; path = MasterViewController.h; sourceTree = "<group>"; xcLanguageSpecificationIdentifier = xcode.lang.objcpp; };
/* End PBXFileReference section */

/* Begin PBXFrameworksBuildPhase section */
		A0DCEE731A6BF4EA002F8EB2 /* Frameworks */ = {
			isa = PBXFrameworksBuildPhase;
			buildActionMask = 2147483647;
			files = (
			);
			runOnlyForDeploymentPostprocessing = 0;
		};
		A0DCEE861A6BF4EA002F8EB2 /* Frameworks */ = {
			isa = PBXFrameworksBuildPhase;
			buildActionMask = 2147483647;
			files = (
			);
			runOnlyForDeploymentPostprocessing = 0;
		};
/* End PBXFrameworksBuildPhase section */

/* Begin PBXGroup section */
		A08F146A1A6D536300F1971D /* CSVParserTests */ = {
			isa = PBXGroup;
			children = (
				A08F146B1A6D536300F1971D /* CSVParserTests.m */,
				A08F146C1A6D536300F1971D /* Info.plist */,
			);
			path = CSVParserTests;
			sourceTree = SOURCE_ROOT;
		};
		A0DCEE6D1A6BF4EA002F8EB2 = {
			isa = PBXGroup;
			children = (
				A0DCEE781A6BF4EA002F8EB2 /* CSVParser */,
				A08F146A1A6D536300F1971D /* CSVParserTests */,
				A0DCEE771A6BF4EA002F8EB2 /* Products */,
			);
			sourceTree = "<group>";
		};
		A0DCEE771A6BF4EA002F8EB2 /* Products */ = {
			isa = PBXGroup;
			children = (
				A0DCEE761A6BF4EA002F8EB2 /* CSVParser.app */,
				A0DCEE891A6BF4EA002F8EB2 /* CSVParserTests.xctest */,
			);
			name = Products;
			sourceTree = "<group>";
		};
		A0DCEE781A6BF4EA002F8EB2 /* CSVParser */ = {
			isa = PBXGroup;
			children = (
				A0DCEEA41A6BFC2F002F8EB2 /* MasterViewController.h */,
				A08F144E1A6D503600F1971D /* MasterViewController.m */,
				A08F14501A6D506600F1971D /* AppDelegate.h */,
				A08F14511A6D506600F1971D /* AppDelegate.m */,
				A08F14551A6D506600F1971D /* CSVParser.h */,
				A08F14561A6D506600F1971D /* CSVParser.m */,
				A08F14701A6D564C00F1971D /* MainMenu.xib */,
				A08F14571A6D506600F1971D /* Images.xcassets */,
				A08F14581A6D506600F1971D /* MasterViewController.xib */,
				A0DCEE791A6BF4EA002F8EB2 /* Supporting Files */,
			);
			path = CSVParser;
			sourceTree = "<group>";
		};
		A0DCEE791A6BF4EA002F8EB2 /* Supporting Files */ = {
			isa = PBXGroup;
			children = (
				A08F14601A6D509300F1971D /* Info.plist */,
				A08F145E1A6D508C00F1971D /* main.m */,
			);
			name = "Supporting Files";
			sourceTree = "<group>";
		};
/* End PBXGroup section */

/* Begin PBXNativeTarget section */
		A0DCEE751A6BF4EA002F8EB2 /* CSVParser */ = {
			isa = PBXNativeTarget;
			buildConfigurationList = A0DCEE931A6BF4EA002F8EB2 /* Build configuration list for PBXNativeTarget "CSVParser" */;
			buildPhases = (
				A0DCEE721A6BF4EA002F8EB2 /* Sources */,
				A0DCEE731A6BF4EA002F8EB2 /* Frameworks */,
				A0DCEE741A6BF4EA002F8EB2 /* Resources */,
			);
			buildRules = (
			);
			dependencies = (
			);
			name = CSVParser;
			productName = XMLParser;
			productReference = A0DCEE761A6BF4EA002F8EB2 /* CSVParser.app */;
			productType = "com.apple.product-type.application";
		};
		A0DCEE881A6BF4EA002F8EB2 /* CSVParserTests */ = {
			isa = PBXNativeTarget;
			buildConfigurationList = A0DCEE961A6BF4EA002F8EB2 /* Build configuration list for PBXNativeTarget "CSVParserTests" */;
			buildPhases = (
				A0DCEE851A6BF4EA002F8EB2 /* Sources */,
				A0DCEE861A6BF4EA002F8EB2 /* Frameworks */,
				A0DCEE871A6BF4EA002F8EB2 /* Resources */,
			);
			buildRules = (
			);
			dependencies = (
				A0DCEE8B1A6BF4EA002F8EB2 /* PBXTargetDependency */,
			);
			name = CSVParserTests;
			productName = XMLParserTests;
			productReference = A0DCEE891A6BF4EA002F8EB2 /* CSVParserTests.xctest */;
			productType = "com.apple.product-type.bundle.unit-test";
		};
/* End PBXNativeTarget section */

/* Begin PBXProject section */
		A0DCEE6E1A6BF4EA002F8EB2 /* Project object */ = {
			isa = PBXProject;
			attributes = {
				LastUpgradeCheck = 0610;
				ORGANIZATIONNAME = "Lucas Hauswald";
				TargetAttributes = {
					A0DCEE751A6BF4EA002F8EB2 = {
						CreatedOnToolsVersion = 6.1.1;
					};
					A0DCEE881A6BF4EA002F8EB2 = {
						CreatedOnToolsVersion = 6.1.1;
						TestTargetID = A0DCEE751A6BF4EA002F8EB2;
					};
				};
			};
			buildConfigurationList = A0DCEE711A6BF4EA002F8EB2 /* Build configuration list for PBXProject "CSVParser" */;
			compatibilityVersion = "Xcode 3.2";
			developmentRegion = English;
			hasScannedForEncodings = 0;
			knownRegions = (
				en,
				Base,
			);
			mainGroup = A0DCEE6D1A6BF4EA002F8EB2;
			productRefGroup = A0DCEE771A6BF4EA002F8EB2 /* Products */;
			projectDirPath = "";
			projectRoot = "";
			targets = (
				A0DCEE751A6BF4EA002F8EB2 /* CSVParser */,
				A0DCEE881A6BF4EA002F8EB2 /* CSVParserTests */,
			);
		};
/* End PBXProject section */

/* Begin PBXResourcesBuildPhase section */
		A0DCEE741A6BF4EA002F8EB2 /* Resources */ = {
			isa = PBXResourcesBuildPhase;
			buildActionMask = 2147483647;
			files = (
				A08F145C1A6D506600F1971D /* Images.xcassets in Resources */,
				A08F145D1A6D506600F1971D /* MasterViewController.xib in Resources */,
				A08F14721A6D564C00F1971D /* MainMenu.xib in Resources */,
			);
			runOnlyForDeploymentPostprocessing = 0;
		};
		A0DCEE871A6BF4EA002F8EB2 /* Resources */ = {
			isa = PBXResourcesBuildPhase;
			buildActionMask = 2147483647;
			files = (
			);
			runOnlyForDeploymentPostprocessing = 0;
		};
/* End PBXResourcesBuildPhase section */

/* Begin PBXSourcesBuildPhase section */
		A0DCEE721A6BF4EA002F8EB2 /* Sources */ = {
			isa = PBXSourcesBuildPhase;
			buildActionMask = 2147483647;
			files = (
				A08F144F1A6D503600F1971D /* MasterViewController.m in Sources */,
				A08F145B1A6D506600F1971D /* CSVParser.m in Sources */,
				A08F145F1A6D508C00F1971D /* main.m in Sources */,
				A08F14591A6D506600F1971D /* AppDelegate.m in Sources */,
			);
			runOnlyForDeploymentPostprocessing = 0;
		};
		A0DCEE851A6BF4EA002F8EB2 /* Sources */ = {
			isa = PBXSourcesBuildPhase;
			buildActionMask = 2147483647;
			files = (
			);
			runOnlyForDeploymentPostprocessing = 0;
		};
/* End PBXSourcesBuildPhase section */

/* Begin PBXTargetDependency section */
		A0DCEE8B1A6BF4EA002F8EB2 /* PBXTargetDependency */ = {
			isa = PBXTargetDependency;
			target = A0DCEE751A6BF4EA002F8EB2 /* CSVParser */;
			targetProxy = A0DCEE8A1A6BF4EA002F8EB2 /* PBXContainerItemProxy */;
		};
/* End PBXTargetDependency section */

/* Begin PBXVariantGroup section */
		A08F14701A6D564C00F1971D /* MainMenu.xib */ = {
			isa = PBXVariantGroup;
			children = (
				A08F14711A6D564C00F1971D /* Base */,
			);
			name = MainMenu.xib;
			sourceTree = "<group>";
		};
/* End PBXVariantGroup section */

/* Begin XCBuildConfiguration section */
		A0DCEE911A6BF4EA002F8EB2 /* Debug */ = {
			isa = XCBuildConfiguration;
			buildSettings = {
				ALWAYS_SEARCH_USER_PATHS = NO;
				CLANG_CXX_LANGUAGE_STANDARD = "gnu++0x";
				CLANG_CXX_LIBRARY = "libc++";
				CLANG_ENABLE_MODULES = YES;
				CLANG_ENABLE_OBJC_ARC = YES;
				CLANG_WARN_BOOL_CONVERSION = YES;
				CLANG_WARN_CONSTANT_CONVERSION = YES;
				CLANG_WARN_DIRECT_OBJC_ISA_USAGE = YES_ERROR;
				CLANG_WARN_EMPTY_BODY = YES;
				CLANG_WARN_ENUM_CONVERSION = YES;
				CLANG_WARN_INT_CONVERSION = YES;
				CLANG_WARN_OBJC_ROOT_CLASS = YES_ERROR;
				CLANG_WARN_UNREACHABLE_CODE = YES;
				CLANG_WARN__DUPLICATE_METHOD_MATCH = YES;
				CODE_SIGN_IDENTITY = "";
				COPY_PHASE_STRIP = NO;
				ENABLE_STRICT_OBJC_MSGSEND = YES;
				GCC_C_LANGUAGE_STANDARD = gnu99;
				GCC_DYNAMIC_NO_PIC = NO;
				GCC_OPTIMIZATION_LEVEL = 0;
				GCC_PREPROCESSOR_DEFINITIONS = (
					"DEBUG=1",
					"$(inherited)",
				);
				GCC_SYMBOLS_PRIVATE_EXTERN = NO;
				GCC_WARN_64_TO_32_BIT_CONVERSION = YES;
				GCC_WARN_ABOUT_RETURN_TYPE = YES_ERROR;
				GCC_WARN_UNDECLARED_SELECTOR = YES;
				GCC_WARN_UNINITIALIZED_AUTOS = YES_AGGRESSIVE;
				GCC_WARN_UNUSED_FUNCTION = YES;
				GCC_WARN_UNUSED_VARIABLE = YES;
				MACOSX_DEPLOYMENT_TARGET = 10.10;
				MTL_ENABLE_DEBUG_INFO = YES;
				ONLY_ACTIVE_ARCH = YES;
				SDKROOT = macosx;
			};
			name = Debug;
		};
		A0DCEE921A6BF4EA002F8EB2 /* Release */ = {
			isa = XCBuildConfiguration;
			buildSettings = {
				ALWAYS_SEARCH_USER_PATHS = NO;
				CLANG_CXX_LANGUAGE_STANDARD = "gnu++0x";
				CLANG_CXX_LIBRARY = "libc++";
				CLANG_ENABLE_MODULES = YES;
				CLANG_ENABLE_OBJC_ARC = YES;
				CLANG_WARN_BOOL_CONVERSION = YES;
				CLANG_WARN_CONSTANT_CONVERSION = YES;
				CLANG_WARN_DIRECT_OBJC_ISA_USAGE = YES_ERROR;
				CLANG_WARN_EMPTY_BODY = YES;
				CLANG_WARN_ENUM_CONVERSION = YES;
				CLANG_WARN_INT_CONVERSION = YES;
				CLANG_WARN_OBJC_ROOT_CLASS = YES_ERROR;
				CLANG_WARN_UNREACHABLE_CODE = YES;
				CLANG_WARN__DUPLICATE_METHOD_MATCH = YES;
				CODE_SIGN_IDENTITY = "";
				COPY_PHASE_STRIP = YES;
				DEBUG_INFORMATION_FORMAT = "dwarf-with-dsym";
				ENABLE_NS_ASSERTIONS = NO;
				ENABLE_STRICT_OBJC_MSGSEND = YES;
				GCC_C_LANGUAGE_STANDARD = gnu99;
				GCC_WARN_64_TO_32_BIT_CONVERSION = YES;
				GCC_WARN_ABOUT_RETURN_TYPE = YES_ERROR;
				GCC_WARN_UNDECLARED_SELECTOR = YES;
				GCC_WARN_UNINITIALIZED_AUTOS = YES_AGGRESSIVE;
				GCC_WARN_UNUSED_FUNCTION = YES;
				GCC_WARN_UNUSED_VARIABLE = YES;
				MACOSX_DEPLOYMENT_TARGET = 10.10;
				MTL_ENABLE_DEBUG_INFO = NO;
				SDKROOT = macosx;
			};
			name = Release;
		};
		A0DCEE941A6BF4EA002F8EB2 /* Debug */ = {
			isa = XCBuildConfiguration;
			buildSettings = {
				ASSETCATALOG_COMPILER_APPICON_NAME = AppIcon;
				CODE_SIGN_IDENTITY = "";
				COMBINE_HIDPI_IMAGES = YES;
				INFOPLIST_FILE = CSVParser/Info.plist;
				LD_RUNPATH_SEARCH_PATHS = "$(inherited) @executable_path/../Frameworks";
				PRODUCT_NAME = CSVParser;
			};
			name = Debug;
		};
		A0DCEE951A6BF4EA002F8EB2 /* Release */ = {
			isa = XCBuildConfiguration;
			buildSettings = {
				ASSETCATALOG_COMPILER_APPICON_NAME = AppIcon;
				CODE_SIGN_IDENTITY = "";
				COMBINE_HIDPI_IMAGES = YES;
				INFOPLIST_FILE = CSVParser/Info.plist;
				LD_RUNPATH_SEARCH_PATHS = "$(inherited) @executable_path/../Frameworks";
				PRODUCT_NAME = CSVParser;
			};
			name = Release;
		};
		A0DCEE971A6BF4EA002F8EB2 /* Debug */ = {
			isa = XCBuildConfiguration;
			buildSettings = {
				BUNDLE_LOADER = "$(TEST_HOST)";
				COMBINE_HIDPI_IMAGES = YES;
				FRAMEWORK_SEARCH_PATHS = (
					"$(DEVELOPER_FRAMEWORKS_DIR)",
					"$(inherited)",
				);
				GCC_PREPROCESSOR_DEFINITIONS = (
					"DEBUG=1",
					"$(inherited)",
				);
				INFOPLIST_FILE = CSVParserTests/Info.plist;
				LD_RUNPATH_SEARCH_PATHS = "$(inherited) @executable_path/../Frameworks @loader_path/../Frameworks";
				PRODUCT_NAME = CSVParserTests;
				TEST_HOST = "$(BUILT_PRODUCTS_DIR)/XMLParser.app/Contents/MacOS/XMLParser";
			};
			name = Debug;
		};
		A0DCEE981A6BF4EA002F8EB2 /* Release */ = {
			isa = XCBuildConfiguration;
			buildSettings = {
				BUNDLE_LOADER = "$(TEST_HOST)";
				COMBINE_HIDPI_IMAGES = YES;
				FRAMEWORK_SEARCH_PATHS = (
					"$(DEVELOPER_FRAMEWORKS_DIR)",
					"$(inherited)",
				);
				INFOPLIST_FILE = CSVParserTests/Info.plist;
				LD_RUNPATH_SEARCH_PATHS = "$(inherited) @executable_path/../Frameworks @loader_path/../Frameworks";
				PRODUCT_NAME = CSVParserTests;
				TEST_HOST = "$(BUILT_PRODUCTS_DIR)/XMLParser.app/Contents/MacOS/XMLParser";
			};
			name = Release;
		};
/* End XCBuildConfiguration section */

/* Begin XCConfigurationList section */
		A0DCEE711A6BF4EA002F8EB2 /* Build configuration list for PBXProject "CSVParser" */ = {
			isa = XCConfigurationList;
			buildConfigurations = (
				A0DCEE911A6BF4EA002F8EB2 /* Debug */,
				A0DCEE921A6BF4EA002F8EB2 /* Release */,
			);
			defaultConfigurationIsVisible = 0;
			defaultConfigurationName = Release;
		};
		A0DCEE931A6BF4EA002F8EB2 /* Build configuration list for PBXNativeTarget "CSVParser" */ = {
			isa = XCConfigurationList;
			buildConfigurations = (
				A0DCEE941A6BF4EA002F8EB2 /* Debug */,
				A0DCEE951A6BF4EA002F8EB2 /* Release */,
			);
			defaultConfigurationIsVisible = 0;
			defaultConfigurationName = Release;
		};
		A0DCEE961A6BF4EA002F8EB2 /* Build configuration list for PBXNativeTarget "CSVParserTests" */ = {
			isa = XCConfigurationList;
			buildConfigurations = (
				A0DCEE971A6BF4EA002F8EB2 /* Debug */,
				A0DCEE981A6BF4EA002F8EB2 /* Release */,
			);
			defaultConfigurationIsVisible = 0;
			defaultConfigurationName = Release;
		};
/* End XCConfigurationList section */
	};
	rootObject = A0DCEE6E1A6BF4EA002F8EB2 /* Project object */;
}
